
Microsoft Visual Studio Solution File, Format Version 12.00
# Visual Studio Version 16
VisualStudioVersion = 16.0.29318.209
MinimumVisualStudioVersion = 10.0.40219.1
Project("{FAE04EC0-301F-11D3-BF4B-00C04F79EFBC}") = "ReadingTextFile", "ReadingTextFile\ReadingTextFile.csproj", "{335ED385-DE47-4678-8345-A242AA9BC202}"
EndProject
Global
	GlobalSection(SolutionConfigurationPlatforms) = preSolution
		Debug|Any CPU = Debug|Any CPU
		Release|Any CPU = Release|Any CPU
	EndGlobalSection
	GlobalSection(ProjectConfigurationPlatforms) = postSolution
		{335ED385-DE47-4678-8345-A242AA9BC202}.Debug|Any CPU.ActiveCfg = Debug|Any CPU
		{335ED385-DE47-4678-8345-A242AA9BC202}.Debug|Any CPU.Build.0 = Debug|Any CPU
		{335ED385-DE47-4678-8345-A242AA9BC202}.Release|Any CPU.ActiveCfg = Release|Any CPU
		{335ED385-DE47-4678-8345-A242AA9BC202}.Release|Any CPU.Build.0 = Release|Any CPU
	EndGlobalSection
	GlobalSection(SolutionProperties) = preSolution
		HideSolutionNode = FALSE
	EndGlobalSection
	GlobalSection(ExtensibilityGlobals) = postSolution
		SolutionGuid = {C670F9D7-274A-4E64-95C8-5659DA8E5DE7}
	EndGlobalSection
EndGlobal
