
Microsoft Visual Studio Solution File, Format Version 12.00
# Visual Studio Version 17
VisualStudioVersion = 17.4.33213.308
MinimumVisualStudioVersion = 10.0.40219.1
Project("{FAE04EC0-301F-11D3-BF4B-00C04F79EFBC}") = "COMP3602Assign03", "COMP3602Assign03\COMP3602Assign03.csproj", "{BA086A06-14E0-4B44-94CA-E0AE624A14BE}"
EndProject
Global
	GlobalSection(SolutionConfigurationPlatforms) = preSolution
		Debug|Any CPU = Debug|Any CPU
		Release|Any CPU = Release|Any CPU
	EndGlobalSection
	GlobalSection(ProjectConfigurationPlatforms) = postSolution
		{BA086A06-14E0-4B44-94CA-E0AE624A14BE}.Debug|Any CPU.ActiveCfg = Debug|Any CPU
		{BA086A06-14E0-4B44-94CA-E0AE624A14BE}.Debug|Any CPU.Build.0 = Debug|Any CPU
		{BA086A06-14E0-4B44-94CA-E0AE624A14BE}.Release|Any CPU.ActiveCfg = Release|Any CPU
		{BA086A06-14E0-4B44-94CA-E0AE624A14BE}.Release|Any CPU.Build.0 = Release|Any CPU
	EndGlobalSection
	GlobalSection(SolutionProperties) = preSolution
		HideSolutionNode = FALSE
	EndGlobalSection
	GlobalSection(ExtensibilityGlobals) = postSolution
		SolutionGuid = {118A96D5-84F3-4A8E-B982-E9F63235CD10}
	EndGlobalSection
EndGlobal
