
Microsoft Visual Studio Solution File, Format Version 12.00
# Visual Studio 15
VisualStudioVersion = 15.0.28010.2036
MinimumVisualStudioVersion = 10.0.40219.1
Project("{FAE04EC0-301F-11D3-BF4B-00C04F79EFBC}") = "PolymorphismDemoV5", "PolymorphismDemoV5\PolymorphismDemoV5.csproj", "{0A9A5A86-6206-4744-A2C3-5DAF346645D8}"
EndProject
Global
	GlobalSection(SolutionConfigurationPlatforms) = preSolution
		Debug|Any CPU = Debug|Any CPU
		Release|Any CPU = Release|Any CPU
	EndGlobalSection
	GlobalSection(ProjectConfigurationPlatforms) = postSolution
		{0A9A5A86-6206-4744-A2C3-5DAF346645D8}.Debug|Any CPU.ActiveCfg = Debug|Any CPU
		{0A9A5A86-6206-4744-A2C3-5DAF346645D8}.Debug|Any CPU.Build.0 = Debug|Any CPU
		{0A9A5A86-6206-4744-A2C3-5DAF346645D8}.Release|Any CPU.ActiveCfg = Release|Any CPU
		{0A9A5A86-6206-4744-A2C3-5DAF346645D8}.Release|Any CPU.Build.0 = Release|Any CPU
	EndGlobalSection
	GlobalSection(SolutionProperties) = preSolution
		HideSolutionNode = FALSE
	EndGlobalSection
	GlobalSection(ExtensibilityGlobals) = postSolution
		SolutionGuid = {4438CA11-DA63-493C-A5EC-CA3FF89097AA}
	EndGlobalSection
EndGlobal
