
Microsoft Visual Studio Solution File, Format Version 12.00
# Visual Studio Version 16
VisualStudioVersion = 16.0.29326.143
MinimumVisualStudioVersion = 10.0.40219.1
Project("{FAE04EC0-301F-11D3-BF4B-00C04F79EFBC}") = "COMP3602Lab04", "COMP3602Lab04\COMP3602Lab04.csproj", "{6AED02B8-36B3-4D06-B701-D797093EECFA}"
EndProject
Global
	GlobalSection(SolutionConfigurationPlatforms) = preSolution
		Debug|Any CPU = Debug|Any CPU
		Release|Any CPU = Release|Any CPU
	EndGlobalSection
	GlobalSection(ProjectConfigurationPlatforms) = postSolution
		{6AED02B8-36B3-4D06-B701-D797093EECFA}.Debug|Any CPU.ActiveCfg = Debug|Any CPU
		{6AED02B8-36B3-4D06-B701-D797093EECFA}.Debug|Any CPU.Build.0 = Debug|Any CPU
		{6AED02B8-36B3-4D06-B701-D797093EECFA}.Release|Any CPU.ActiveCfg = Release|Any CPU
		{6AED02B8-36B3-4D06-B701-D797093EECFA}.Release|Any CPU.Build.0 = Release|Any CPU
	EndGlobalSection
	GlobalSection(SolutionProperties) = preSolution
		HideSolutionNode = FALSE
	EndGlobalSection
	GlobalSection(ExtensibilityGlobals) = postSolution
		SolutionGuid = {607A06EB-6213-4749-9031-66284CACA492}
	EndGlobalSection
EndGlobal
