
Microsoft Visual Studio Solution File, Format Version 12.00
# Visual Studio Version 17
VisualStudioVersion = 17.4.33213.308
MinimumVisualStudioVersion = 10.0.40219.1
Project("{2150E333-8FDC-42A3-9474-1A3956D46DE8}") = "In-Class-Examples", "In-Class-Examples", "{86BA99BC-A28D-4657-A5DD-8BD10AC81391}"
EndProject
Project("{2150E333-8FDC-42A3-9474-1A3956D46DE8}") = "ValueTypePassByValue", "ValueTypePassByValue", "{AB937A32-40C4-4C06-A14D-5D6811BBF0A2}"
EndProject
Project("{FAE04EC0-301F-11D3-BF4B-00C04F79EFBC}") = "ValueTypePassByValue", "..\ValueTypePassByValue\ValueTypePassByValue\ValueTypePassByValue.csproj", "{C932A8AA-6B70-4ABB-84C6-56D84DD5DE21}"
EndProject
Project("{2150E333-8FDC-42A3-9474-1A3956D46DE8}") = "ValueTypePassByReference", "ValueTypePassByReference", "{8E2C336A-4044-4957-A851-EF7E32FFB585}"
EndProject
Project("{FAE04EC0-301F-11D3-BF4B-00C04F79EFBC}") = "ValueTypePassByReference", "..\ValueTypePassByReference\ValueTypePassByReference\ValueTypePassByReference.csproj", "{E1B84D5E-0025-45CD-9C2A-85DA60898319}"
EndProject
Project("{2150E333-8FDC-42A3-9474-1A3956D46DE8}") = "TryParse", "TryParse", "{B10B916E-EC03-44BD-92F0-33A1B76905B4}"
EndProject
Project("{FAE04EC0-301F-11D3-BF4B-00C04F79EFBC}") = "TryParse", "..\TryParse\TryParse\TryParse.csproj", "{DCAFC527-E298-4D59-948F-996897049C53}"
EndProject
Project("{2150E333-8FDC-42A3-9474-1A3956D46DE8}") = "ReferenceTypePassByValue", "ReferenceTypePassByValue", "{329D0386-3C41-42A8-A9EF-E9972468056B}"
EndProject
Project("{FAE04EC0-301F-11D3-BF4B-00C04F79EFBC}") = "ReferenceTypePassByValue", "..\ReferenceTypePassByValue\ReferenceTypePassByValue\ReferenceTypePassByValue.csproj", "{42C682C4-A04B-4C61-9926-EB00CB1B10B5}"
EndProject
Project("{2150E333-8FDC-42A3-9474-1A3956D46DE8}") = "ReferenceTypePassByReference", "ReferenceTypePassByReference", "{7A9DD1FE-78A0-4BAD-9EDA-A01C991E4EB4}"
EndProject
Project("{FAE04EC0-301F-11D3-BF4B-00C04F79EFBC}") = "ReferenceTypePassByReference", "..\ReferenceTypePassByReference\ReferenceTypePassByReference\ReferenceTypePassByReference.csproj", "{FED1C2F8-6545-4E5C-96ED-F7C49852947B}"
EndProject
Project("{2150E333-8FDC-42A3-9474-1A3956D46DE8}") = "ReferenceTypePassAndSwapExample", "ReferenceTypePassAndSwapExample", "{08BA3AD1-2BEF-45C4-B3F2-1FC81D1FEA2B}"
EndProject
Project("{FAE04EC0-301F-11D3-BF4B-00C04F79EFBC}") = "ReferenceTypePassAndSwapExample", "..\ReferenceTypePassAndSwapExample\ReferenceTypePassAndSwapExample\ReferenceTypePassAndSwapExample.csproj", "{F1808000-41B4-442F-B5DF-A98EE983D865}"
EndProject
Project("{2150E333-8FDC-42A3-9474-1A3956D46DE8}") = "ReadingTextFileWithUsing", "ReadingTextFileWithUsing", "{8E397790-4EC9-4060-B8A4-2C25740E990D}"
EndProject
Project("{FAE04EC0-301F-11D3-BF4B-00C04F79EFBC}") = "ReadingTextFileWithUsing", "..\ReadingTextFileWithUsing\ReadingTextFileWithUsing\ReadingTextFileWithUsing.csproj", "{7F8A44FA-298C-4635-88CB-005AECE40B6D}"
EndProject
Project("{2150E333-8FDC-42A3-9474-1A3956D46DE8}") = "ReadingTextFile", "ReadingTextFile", "{E98C6A0E-5E3A-4415-8984-75781B417D13}"
EndProject
Project("{FAE04EC0-301F-11D3-BF4B-00C04F79EFBC}") = "ReadingTextFile", "..\ReadingTextFile\ReadingTextFile\ReadingTextFile.csproj", "{335ED385-DE47-4678-8345-A242AA9BC202}"
EndProject
Project("{2150E333-8FDC-42A3-9474-1A3956D46DE8}") = "Parse", "Parse", "{CD12FD85-B2FA-4547-BA02-A1A5099CED07}"
EndProject
Project("{FAE04EC0-301F-11D3-BF4B-00C04F79EFBC}") = "Parse", "..\Parse\Parse\Parse.csproj", "{D4EA480B-BFD6-42F8-B686-339ABDC2551F}"
EndProject
Project("{2150E333-8FDC-42A3-9474-1A3956D46DE8}") = "ParamsOut", "ParamsOut", "{E669FE1B-B63C-4CF7-AFBD-CCD6A51F4064}"
EndProject
Project("{FAE04EC0-301F-11D3-BF4B-00C04F79EFBC}") = "ParamsOut", "..\ParamsOut\ParamsOut\ParamsOut.csproj", "{75E4FB2F-55E6-45CD-8499-3BC793F2928D}"
EndProject
Project("{2150E333-8FDC-42A3-9474-1A3956D46DE8}") = "OptionalParameters", "OptionalParameters", "{8CFAF45C-4BE1-4699-9F29-BEF7AC5E2AE8}"
EndProject
Project("{FAE04EC0-301F-11D3-BF4B-00C04F79EFBC}") = "OptionalParameters", "OptionalParameters\OptionalParameters.csproj", "{3B7FB3F9-43CA-44A7-9DAA-2C48B59295BC}"
EndProject
Project("{2150E333-8FDC-42A3-9474-1A3956D46DE8}") = "NamedParameters", "NamedParameters", "{33FAFD18-F4B9-4C8B-8056-877FB3CFC0FD}"
EndProject
Project("{FAE04EC0-301F-11D3-BF4B-00C04F79EFBC}") = "NamedParameters", "..\NamedParameters\NamedParameters\NamedParameters.csproj", "{CF66F5F8-F78A-4664-96F6-E3FB135BCB6D}"
EndProject
Project("{2150E333-8FDC-42A3-9474-1A3956D46DE8}") = "ExceptionHandling", "ExceptionHandling", "{4DCDCBF8-4C4A-48FF-B8AC-D5CB8BCDE3CD}"
EndProject
Project("{FAE04EC0-301F-11D3-BF4B-00C04F79EFBC}") = "ExceptionHandling", "..\ExceptionHandling\ExceptionHandling\ExceptionHandling.csproj", "{A3D15730-11DB-43D2-B2F9-E68430A4E8DD}"
EndProject
Project("{2150E333-8FDC-42A3-9474-1A3956D46DE8}") = "ConvertTo", "ConvertTo", "{783CF623-6CF1-4E01-8A96-791C5F6EE4F9}"
EndProject
Project("{FAE04EC0-301F-11D3-BF4B-00C04F79EFBC}") = "ConvertTo", "..\ConvertTo\ConvertTo\ConvertTo.csproj", "{6590B643-3CA0-4369-BCB0-4CC59001C494}"
EndProject
Project("{2150E333-8FDC-42A3-9474-1A3956D46DE8}") = "CommandLineArguments", "CommandLineArguments", "{7CE78E72-67DB-4711-AD4A-1608C10A52A5}"
EndProject
Project("{FAE04EC0-301F-11D3-BF4B-00C04F79EFBC}") = "CommandLineArguments", "..\CommandLineArguments\CommandLineArguments\CommandLineArguments.csproj", "{CD401C24-A96B-49A4-8F58-97F466C0FE6E}"
EndProject
Project("{2150E333-8FDC-42A3-9474-1A3956D46DE8}") = "CheckedUnchecked", "CheckedUnchecked", "{BA98CFE4-E00A-4E64-8DC8-BE938B2DE1C4}"
EndProject
Project("{FAE04EC0-301F-11D3-BF4B-00C04F79EFBC}") = "CheckedUnchecked", "..\CheckedUnchecked\CheckedUnchecked\CheckedUnchecked.csproj", "{D4789DEC-E2E9-448C-826A-E0250FBB91E9}"
EndProject
Global
	GlobalSection(SolutionConfigurationPlatforms) = preSolution
		Debug|Any CPU = Debug|Any CPU
		Release|Any CPU = Release|Any CPU
	EndGlobalSection
	GlobalSection(ProjectConfigurationPlatforms) = postSolution
		{C932A8AA-6B70-4ABB-84C6-56D84DD5DE21}.Debug|Any CPU.ActiveCfg = Debug|Any CPU
		{C932A8AA-6B70-4ABB-84C6-56D84DD5DE21}.Debug|Any CPU.Build.0 = Debug|Any CPU
		{C932A8AA-6B70-4ABB-84C6-56D84DD5DE21}.Release|Any CPU.ActiveCfg = Release|Any CPU
		{C932A8AA-6B70-4ABB-84C6-56D84DD5DE21}.Release|Any CPU.Build.0 = Release|Any CPU
		{E1B84D5E-0025-45CD-9C2A-85DA60898319}.Debug|Any CPU.ActiveCfg = Debug|Any CPU
		{E1B84D5E-0025-45CD-9C2A-85DA60898319}.Debug|Any CPU.Build.0 = Debug|Any CPU
		{E1B84D5E-0025-45CD-9C2A-85DA60898319}.Release|Any CPU.ActiveCfg = Release|Any CPU
		{E1B84D5E-0025-45CD-9C2A-85DA60898319}.Release|Any CPU.Build.0 = Release|Any CPU
		{DCAFC527-E298-4D59-948F-996897049C53}.Debug|Any CPU.ActiveCfg = Debug|Any CPU
		{DCAFC527-E298-4D59-948F-996897049C53}.Debug|Any CPU.Build.0 = Debug|Any CPU
		{DCAFC527-E298-4D59-948F-996897049C53}.Release|Any CPU.ActiveCfg = Release|Any CPU
		{DCAFC527-E298-4D59-948F-996897049C53}.Release|Any CPU.Build.0 = Release|Any CPU
		{42C682C4-A04B-4C61-9926-EB00CB1B10B5}.Debug|Any CPU.ActiveCfg = Debug|Any CPU
		{42C682C4-A04B-4C61-9926-EB00CB1B10B5}.Debug|Any CPU.Build.0 = Debug|Any CPU
		{42C682C4-A04B-4C61-9926-EB00CB1B10B5}.Release|Any CPU.ActiveCfg = Release|Any CPU
		{42C682C4-A04B-4C61-9926-EB00CB1B10B5}.Release|Any CPU.Build.0 = Release|Any CPU
		{FED1C2F8-6545-4E5C-96ED-F7C49852947B}.Debug|Any CPU.ActiveCfg = Debug|Any CPU
		{FED1C2F8-6545-4E5C-96ED-F7C49852947B}.Debug|Any CPU.Build.0 = Debug|Any CPU
		{FED1C2F8-6545-4E5C-96ED-F7C49852947B}.Release|Any CPU.ActiveCfg = Release|Any CPU
		{FED1C2F8-6545-4E5C-96ED-F7C49852947B}.Release|Any CPU.Build.0 = Release|Any CPU
		{F1808000-41B4-442F-B5DF-A98EE983D865}.Debug|Any CPU.ActiveCfg = Debug|Any CPU
		{F1808000-41B4-442F-B5DF-A98EE983D865}.Debug|Any CPU.Build.0 = Debug|Any CPU
		{F1808000-41B4-442F-B5DF-A98EE983D865}.Release|Any CPU.ActiveCfg = Release|Any CPU
		{F1808000-41B4-442F-B5DF-A98EE983D865}.Release|Any CPU.Build.0 = Release|Any CPU
		{7F8A44FA-298C-4635-88CB-005AECE40B6D}.Debug|Any CPU.ActiveCfg = Debug|Any CPU
		{7F8A44FA-298C-4635-88CB-005AECE40B6D}.Debug|Any CPU.Build.0 = Debug|Any CPU
		{7F8A44FA-298C-4635-88CB-005AECE40B6D}.Release|Any CPU.ActiveCfg = Release|Any CPU
		{7F8A44FA-298C-4635-88CB-005AECE40B6D}.Release|Any CPU.Build.0 = Release|Any CPU
		{335ED385-DE47-4678-8345-A242AA9BC202}.Debug|Any CPU.ActiveCfg = Debug|Any CPU
		{335ED385-DE47-4678-8345-A242AA9BC202}.Debug|Any CPU.Build.0 = Debug|Any CPU
		{335ED385-DE47-4678-8345-A242AA9BC202}.Release|Any CPU.ActiveCfg = Release|Any CPU
		{335ED385-DE47-4678-8345-A242AA9BC202}.Release|Any CPU.Build.0 = Release|Any CPU
		{D4EA480B-BFD6-42F8-B686-339ABDC2551F}.Debug|Any CPU.ActiveCfg = Debug|Any CPU
		{D4EA480B-BFD6-42F8-B686-339ABDC2551F}.Debug|Any CPU.Build.0 = Debug|Any CPU
		{D4EA480B-BFD6-42F8-B686-339ABDC2551F}.Release|Any CPU.ActiveCfg = Release|Any CPU
		{D4EA480B-BFD6-42F8-B686-339ABDC2551F}.Release|Any CPU.Build.0 = Release|Any CPU
		{75E4FB2F-55E6-45CD-8499-3BC793F2928D}.Debug|Any CPU.ActiveCfg = Debug|Any CPU
		{75E4FB2F-55E6-45CD-8499-3BC793F2928D}.Debug|Any CPU.Build.0 = Debug|Any CPU
		{75E4FB2F-55E6-45CD-8499-3BC793F2928D}.Release|Any CPU.ActiveCfg = Release|Any CPU
		{75E4FB2F-55E6-45CD-8499-3BC793F2928D}.Release|Any CPU.Build.0 = Release|Any CPU
		{3B7FB3F9-43CA-44A7-9DAA-2C48B59295BC}.Debug|Any CPU.ActiveCfg = Debug|Any CPU
		{3B7FB3F9-43CA-44A7-9DAA-2C48B59295BC}.Debug|Any CPU.Build.0 = Debug|Any CPU
		{3B7FB3F9-43CA-44A7-9DAA-2C48B59295BC}.Release|Any CPU.ActiveCfg = Release|Any CPU
		{3B7FB3F9-43CA-44A7-9DAA-2C48B59295BC}.Release|Any CPU.Build.0 = Release|Any CPU
		{CF66F5F8-F78A-4664-96F6-E3FB135BCB6D}.Debug|Any CPU.ActiveCfg = Debug|Any CPU
		{CF66F5F8-F78A-4664-96F6-E3FB135BCB6D}.Debug|Any CPU.Build.0 = Debug|Any CPU
		{CF66F5F8-F78A-4664-96F6-E3FB135BCB6D}.Release|Any CPU.ActiveCfg = Release|Any CPU
		{CF66F5F8-F78A-4664-96F6-E3FB135BCB6D}.Release|Any CPU.Build.0 = Release|Any CPU
		{A3D15730-11DB-43D2-B2F9-E68430A4E8DD}.Debug|Any CPU.ActiveCfg = Debug|Any CPU
		{A3D15730-11DB-43D2-B2F9-E68430A4E8DD}.Debug|Any CPU.Build.0 = Debug|Any CPU
		{A3D15730-11DB-43D2-B2F9-E68430A4E8DD}.Release|Any CPU.ActiveCfg = Release|Any CPU
		{A3D15730-11DB-43D2-B2F9-E68430A4E8DD}.Release|Any CPU.Build.0 = Release|Any CPU
		{6590B643-3CA0-4369-BCB0-4CC59001C494}.Debug|Any CPU.ActiveCfg = Debug|Any CPU
		{6590B643-3CA0-4369-BCB0-4CC59001C494}.Debug|Any CPU.Build.0 = Debug|Any CPU
		{6590B643-3CA0-4369-BCB0-4CC59001C494}.Release|Any CPU.ActiveCfg = Release|Any CPU
		{6590B643-3CA0-4369-BCB0-4CC59001C494}.Release|Any CPU.Build.0 = Release|Any CPU
		{CD401C24-A96B-49A4-8F58-97F466C0FE6E}.Debug|Any CPU.ActiveCfg = Debug|Any CPU
		{CD401C24-A96B-49A4-8F58-97F466C0FE6E}.Debug|Any CPU.Build.0 = Debug|Any CPU
		{CD401C24-A96B-49A4-8F58-97F466C0FE6E}.Release|Any CPU.ActiveCfg = Release|Any CPU
		{CD401C24-A96B-49A4-8F58-97F466C0FE6E}.Release|Any CPU.Build.0 = Release|Any CPU
		{D4789DEC-E2E9-448C-826A-E0250FBB91E9}.Debug|Any CPU.ActiveCfg = Debug|Any CPU
		{D4789DEC-E2E9-448C-826A-E0250FBB91E9}.Debug|Any CPU.Build.0 = Debug|Any CPU
		{D4789DEC-E2E9-448C-826A-E0250FBB91E9}.Release|Any CPU.ActiveCfg = Release|Any CPU
		{D4789DEC-E2E9-448C-826A-E0250FBB91E9}.Release|Any CPU.Build.0 = Release|Any CPU
	EndGlobalSection
	GlobalSection(SolutionProperties) = preSolution
		HideSolutionNode = FALSE
	EndGlobalSection
	GlobalSection(NestedProjects) = preSolution
		{AB937A32-40C4-4C06-A14D-5D6811BBF0A2} = {86BA99BC-A28D-4657-A5DD-8BD10AC81391}
		{C932A8AA-6B70-4ABB-84C6-56D84DD5DE21} = {AB937A32-40C4-4C06-A14D-5D6811BBF0A2}
		{8E2C336A-4044-4957-A851-EF7E32FFB585} = {86BA99BC-A28D-4657-A5DD-8BD10AC81391}
		{E1B84D5E-0025-45CD-9C2A-85DA60898319} = {8E2C336A-4044-4957-A851-EF7E32FFB585}
		{B10B916E-EC03-44BD-92F0-33A1B76905B4} = {86BA99BC-A28D-4657-A5DD-8BD10AC81391}
		{DCAFC527-E298-4D59-948F-996897049C53} = {B10B916E-EC03-44BD-92F0-33A1B76905B4}
		{329D0386-3C41-42A8-A9EF-E9972468056B} = {86BA99BC-A28D-4657-A5DD-8BD10AC81391}
		{42C682C4-A04B-4C61-9926-EB00CB1B10B5} = {329D0386-3C41-42A8-A9EF-E9972468056B}
		{7A9DD1FE-78A0-4BAD-9EDA-A01C991E4EB4} = {86BA99BC-A28D-4657-A5DD-8BD10AC81391}
		{FED1C2F8-6545-4E5C-96ED-F7C49852947B} = {7A9DD1FE-78A0-4BAD-9EDA-A01C991E4EB4}
		{08BA3AD1-2BEF-45C4-B3F2-1FC81D1FEA2B} = {86BA99BC-A28D-4657-A5DD-8BD10AC81391}
		{F1808000-41B4-442F-B5DF-A98EE983D865} = {08BA3AD1-2BEF-45C4-B3F2-1FC81D1FEA2B}
		{8E397790-4EC9-4060-B8A4-2C25740E990D} = {86BA99BC-A28D-4657-A5DD-8BD10AC81391}
		{7F8A44FA-298C-4635-88CB-005AECE40B6D} = {8E397790-4EC9-4060-B8A4-2C25740E990D}
		{E98C6A0E-5E3A-4415-8984-75781B417D13} = {86BA99BC-A28D-4657-A5DD-8BD10AC81391}
		{335ED385-DE47-4678-8345-A242AA9BC202} = {E98C6A0E-5E3A-4415-8984-75781B417D13}
		{CD12FD85-B2FA-4547-BA02-A1A5099CED07} = {86BA99BC-A28D-4657-A5DD-8BD10AC81391}
		{D4EA480B-BFD6-42F8-B686-339ABDC2551F} = {CD12FD85-B2FA-4547-BA02-A1A5099CED07}
		{E669FE1B-B63C-4CF7-AFBD-CCD6A51F4064} = {86BA99BC-A28D-4657-A5DD-8BD10AC81391}
		{75E4FB2F-55E6-45CD-8499-3BC793F2928D} = {E669FE1B-B63C-4CF7-AFBD-CCD6A51F4064}
		{8CFAF45C-4BE1-4699-9F29-BEF7AC5E2AE8} = {86BA99BC-A28D-4657-A5DD-8BD10AC81391}
		{3B7FB3F9-43CA-44A7-9DAA-2C48B59295BC} = {8CFAF45C-4BE1-4699-9F29-BEF7AC5E2AE8}
		{33FAFD18-F4B9-4C8B-8056-877FB3CFC0FD} = {86BA99BC-A28D-4657-A5DD-8BD10AC81391}
		{CF66F5F8-F78A-4664-96F6-E3FB135BCB6D} = {33FAFD18-F4B9-4C8B-8056-877FB3CFC0FD}
		{4DCDCBF8-4C4A-48FF-B8AC-D5CB8BCDE3CD} = {86BA99BC-A28D-4657-A5DD-8BD10AC81391}
		{A3D15730-11DB-43D2-B2F9-E68430A4E8DD} = {4DCDCBF8-4C4A-48FF-B8AC-D5CB8BCDE3CD}
		{783CF623-6CF1-4E01-8A96-791C5F6EE4F9} = {86BA99BC-A28D-4657-A5DD-8BD10AC81391}
		{6590B643-3CA0-4369-BCB0-4CC59001C494} = {783CF623-6CF1-4E01-8A96-791C5F6EE4F9}
		{7CE78E72-67DB-4711-AD4A-1608C10A52A5} = {86BA99BC-A28D-4657-A5DD-8BD10AC81391}
		{CD401C24-A96B-49A4-8F58-97F466C0FE6E} = {7CE78E72-67DB-4711-AD4A-1608C10A52A5}
		{BA98CFE4-E00A-4E64-8DC8-BE938B2DE1C4} = {86BA99BC-A28D-4657-A5DD-8BD10AC81391}
		{D4789DEC-E2E9-448C-826A-E0250FBB91E9} = {BA98CFE4-E00A-4E64-8DC8-BE938B2DE1C4}
	EndGlobalSection
	GlobalSection(ExtensibilityGlobals) = postSolution
		SolutionGuid = {D3465C72-9C6D-4CB8-ACB2-69C33E8C3165}
	EndGlobalSection
EndGlobal
