
Microsoft Visual Studio Solution File, Format Version 12.00
# Visual Studio Version 16
VisualStudioVersion = 16.0.29403.142
MinimumVisualStudioVersion = 10.0.40219.1
Project("{FAE04EC0-301F-11D3-BF4B-00C04F79EFBC}") = "COMP3602Lab06", "COMP3602Lab06\COMP3602Lab06.csproj", "{460973FC-5DD9-490B-9D6A-5588D7DF40D5}"
EndProject
Global
	GlobalSection(SolutionConfigurationPlatforms) = preSolution
		Debug|Any CPU = Debug|Any CPU
		Release|Any CPU = Release|Any CPU
	EndGlobalSection
	GlobalSection(ProjectConfigurationPlatforms) = postSolution
		{460973FC-5DD9-490B-9D6A-5588D7DF40D5}.Debug|Any CPU.ActiveCfg = Debug|Any CPU
		{460973FC-5DD9-490B-9D6A-5588D7DF40D5}.Debug|Any CPU.Build.0 = Debug|Any CPU
		{460973FC-5DD9-490B-9D6A-5588D7DF40D5}.Release|Any CPU.ActiveCfg = Release|Any CPU
		{460973FC-5DD9-490B-9D6A-5588D7DF40D5}.Release|Any CPU.Build.0 = Release|Any CPU
	EndGlobalSection
	GlobalSection(SolutionProperties) = preSolution
		HideSolutionNode = FALSE
	EndGlobalSection
	GlobalSection(ExtensibilityGlobals) = postSolution
		SolutionGuid = {D427F623-54B4-4B5F-8843-B8CB8695E646}
	EndGlobalSection
EndGlobal
