
Microsoft Visual Studio Solution File, Format Version 12.00
# Visual Studio 15
VisualStudioVersion = 15.0.28010.2036
MinimumVisualStudioVersion = 10.0.40219.1
Project("{FAE04EC0-301F-11D3-BF4B-00C04F79EFBC}") = "PolymorphismDemoV4", "PolymorphismDemoV4\PolymorphismDemoV4.csproj", "{8503FE41-B02E-42A8-A9E0-11407F3664F8}"
EndProject
Global
	GlobalSection(SolutionConfigurationPlatforms) = preSolution
		Debug|Any CPU = Debug|Any CPU
		Release|Any CPU = Release|Any CPU
	EndGlobalSection
	GlobalSection(ProjectConfigurationPlatforms) = postSolution
		{8503FE41-B02E-42A8-A9E0-11407F3664F8}.Debug|Any CPU.ActiveCfg = Debug|Any CPU
		{8503FE41-B02E-42A8-A9E0-11407F3664F8}.Debug|Any CPU.Build.0 = Debug|Any CPU
		{8503FE41-B02E-42A8-A9E0-11407F3664F8}.Release|Any CPU.ActiveCfg = Release|Any CPU
		{8503FE41-B02E-42A8-A9E0-11407F3664F8}.Release|Any CPU.Build.0 = Release|Any CPU
	EndGlobalSection
	GlobalSection(SolutionProperties) = preSolution
		HideSolutionNode = FALSE
	EndGlobalSection
	GlobalSection(ExtensibilityGlobals) = postSolution
		SolutionGuid = {47695C9C-30E1-4B2B-8CD8-BF6F883F11FC}
	EndGlobalSection
EndGlobal
