
Microsoft Visual Studio Solution File, Format Version 12.00
# Visual Studio 15
VisualStudioVersion = 15.0.28010.2050
MinimumVisualStudioVersion = 10.0.40219.1
Project("{FAE04EC0-301F-11D3-BF4B-00C04F79EFBC}") = "LinqArrayProcessing", "LinqArrayProcessing\LinqArrayProcessing.csproj", "{C240994A-8C02-48AE-AEDA-45249C415FE6}"
EndProject
Global
	GlobalSection(SolutionConfigurationPlatforms) = preSolution
		Debug|Any CPU = Debug|Any CPU
		Release|Any CPU = Release|Any CPU
	EndGlobalSection
	GlobalSection(ProjectConfigurationPlatforms) = postSolution
		{C240994A-8C02-48AE-AEDA-45249C415FE6}.Debug|Any CPU.ActiveCfg = Debug|Any CPU
		{C240994A-8C02-48AE-AEDA-45249C415FE6}.Debug|Any CPU.Build.0 = Debug|Any CPU
		{C240994A-8C02-48AE-AEDA-45249C415FE6}.Release|Any CPU.ActiveCfg = Release|Any CPU
		{C240994A-8C02-48AE-AEDA-45249C415FE6}.Release|Any CPU.Build.0 = Release|Any CPU
	EndGlobalSection
	GlobalSection(SolutionProperties) = preSolution
		HideSolutionNode = FALSE
	EndGlobalSection
	GlobalSection(ExtensibilityGlobals) = postSolution
		SolutionGuid = {5CC91E90-7FEA-4B43-848A-43D2E5D2B323}
	EndGlobalSection
EndGlobal
