
Microsoft Visual Studio Solution File, Format Version 12.00
# Visual Studio Version 17
VisualStudioVersion = 17.4.33213.308
MinimumVisualStudioVersion = 10.0.40219.1
Project("{2150E333-8FDC-42A3-9474-1A3956D46DE8}") = "Examples", "Examples", "{91608152-5321-4278-ADDF-4C7B58E332A4}"
EndProject
Project("{2150E333-8FDC-42A3-9474-1A3956D46DE8}") = "TimeSpanDemo", "TimeSpanDemo", "{B773293F-024E-41F9-A3B3-FE4D1B89AAFA}"
EndProject
Project("{FAE04EC0-301F-11D3-BF4B-00C04F79EFBC}") = "TimeSpanDemo", "..\TimeSpanDemo\TimeSpanDemo\TimeSpanDemo.csproj", "{DA012371-9948-4A5F-96D4-72F247FF1843}"
EndProject
Project("{2150E333-8FDC-42A3-9474-1A3956D46DE8}") = "TemporalDemo", "TemporalDemo", "{5E57CF59-5A61-4154-9770-3524B20DDD4E}"
EndProject
Project("{FAE04EC0-301F-11D3-BF4B-00C04F79EFBC}") = "TemporalDemo", "..\TemporalDemo\TemporalDemo\TemporalDemo.csproj", "{F7F27F29-CEEC-485E-8DC7-E569D3A2571F}"
EndProject
Project("{2150E333-8FDC-42A3-9474-1A3956D46DE8}") = "StackDemo", "StackDemo", "{00448542-308A-402A-A524-2B0FD83CBAE0}"
EndProject
Project("{FAE04EC0-301F-11D3-BF4B-00C04F79EFBC}") = "StackDemo", "..\StackDemo\StackDemo\StackDemo.csproj", "{63021E5F-4909-4C13-9641-9EBE3894091D}"
EndProject
Project("{2150E333-8FDC-42A3-9474-1A3956D46DE8}") = "SortingStringDemo", "SortingStringDemo", "{55BEE7B8-6546-4D9C-9601-7B9BC56B17A1}"
EndProject
Project("{FAE04EC0-301F-11D3-BF4B-00C04F79EFBC}") = "SortingStringDemo", "..\SortingStringDemo\SortingStringDemo\SortingStringDemo.csproj", "{7E62E9AD-530A-4817-8B1A-56D42BB354A9}"
EndProject
Project("{2150E333-8FDC-42A3-9474-1A3956D46DE8}") = "SortingProductDemoBetter", "SortingProductDemoBetter", "{CA1A4F8E-B0AA-46FF-A9DF-24388F682D81}"
EndProject
Project("{FAE04EC0-301F-11D3-BF4B-00C04F79EFBC}") = "SortingProductDemoBetter", "..\SortingProductDemoBetter\SortingProductDemoBetter\SortingProductDemoBetter.csproj", "{4B7AABCC-F676-49DF-96E9-E73E8C05520A}"
EndProject
Project("{2150E333-8FDC-42A3-9474-1A3956D46DE8}") = "SortingProductDemo", "SortingProductDemo", "{C07EE2A7-B50F-4F49-9914-D7C7E677DB91}"
EndProject
Project("{FAE04EC0-301F-11D3-BF4B-00C04F79EFBC}") = "SortingProductDemo", "..\SortingProductDemo\SortingProductDemo\SortingProductDemo.csproj", "{82064ACB-94E6-464A-AFCA-4769EFF1E3E3}"
EndProject
Project("{2150E333-8FDC-42A3-9474-1A3956D46DE8}") = "SortingIntegerDemo", "SortingIntegerDemo", "{CBCC8D97-065B-4AC5-8AE2-E08A653E1E1A}"
EndProject
Project("{FAE04EC0-301F-11D3-BF4B-00C04F79EFBC}") = "SortingIntegerDemo", "..\SortingIntegerDemo\SortingIntegerDemo\SortingIntegerDemo.csproj", "{00EB149F-674B-4604-95F4-C141ECCE1D7C}"
EndProject
Project("{2150E333-8FDC-42A3-9474-1A3956D46DE8}") = "QueueDemo", "QueueDemo", "{E0A73893-6604-4C3D-B9E1-31816C103839}"
EndProject
Project("{FAE04EC0-301F-11D3-BF4B-00C04F79EFBC}") = "QueueDemo", "..\QueueDemo\QueueDemo\QueueDemo.csproj", "{5DD68AF2-09B3-4E30-91BD-41691466EA3A}"
EndProject
Project("{2150E333-8FDC-42A3-9474-1A3956D46DE8}") = "ListDemo", "ListDemo", "{B3A06696-7993-45A4-8144-4EFF17F1EAB7}"
EndProject
Project("{FAE04EC0-301F-11D3-BF4B-00C04F79EFBC}") = "ListDemo", "..\ListDemo\ListDemo\ListDemo.csproj", "{ACD59AA1-5500-4539-BB7D-368317D5BBAE}"
EndProject
Project("{2150E333-8FDC-42A3-9474-1A3956D46DE8}") = "ListCustomLogicDemo", "ListCustomLogicDemo", "{D472EC56-38F1-4133-A480-CF2A57D1D46B}"
EndProject
Project("{FAE04EC0-301F-11D3-BF4B-00C04F79EFBC}") = "ListCustomLogicDemo", "..\ListCustomLogicDemo\ListCustomLogicDemo\ListCustomLogicDemo.csproj", "{05BB75AE-74C5-4710-B5CA-D6B101150CEF}"
EndProject
Project("{2150E333-8FDC-42A3-9474-1A3956D46DE8}") = "ListCapacityDemo", "ListCapacityDemo", "{5D65BC00-364E-4701-A54A-4211D2D6B113}"
EndProject
Project("{FAE04EC0-301F-11D3-BF4B-00C04F79EFBC}") = "ListCapacityDemo", "..\ListCapacityDemo\ListCapacityDemo\ListCapacityDemo.csproj", "{6BDA0C33-9819-4A4B-BBBB-D90575D20986}"
EndProject
Project("{2150E333-8FDC-42A3-9474-1A3956D46DE8}") = "DictionaryDemo", "DictionaryDemo", "{59469DC8-F0A5-4849-B751-0BA9E48B8DD7}"
EndProject
Project("{FAE04EC0-301F-11D3-BF4B-00C04F79EFBC}") = "DictionaryDemo", "..\DictionaryDemo\DictionaryDemo\DictionaryDemo.csproj", "{C5C01931-9753-472D-9EF4-A4E010F33394}"
EndProject
Project("{2150E333-8FDC-42A3-9474-1A3956D46DE8}") = "DateTimeDemo", "DateTimeDemo", "{29530FA7-0937-4BA6-B2DE-8AA02EE829DB}"
EndProject
Project("{FAE04EC0-301F-11D3-BF4B-00C04F79EFBC}") = "DateTimeDemo", "..\DateTimeDemo\DateTimeDemo\DateTimeDemo.csproj", "{75CD4A6B-026A-4B04-9A53-312CEB89EA38}"
EndProject
Project("{2150E333-8FDC-42A3-9474-1A3956D46DE8}") = "ArrayListDemo", "ArrayListDemo", "{32B4803D-7050-457D-B6A8-83549BBDABCF}"
EndProject
Project("{FAE04EC0-301F-11D3-BF4B-00C04F79EFBC}") = "ArrayListDemo", "ArrayListDemo\ArrayListDemo.csproj", "{4499F918-155A-404A-A6F4-7381C1878041}"
EndProject
Global
	GlobalSection(SolutionConfigurationPlatforms) = preSolution
		Debug|Any CPU = Debug|Any CPU
		Release|Any CPU = Release|Any CPU
	EndGlobalSection
	GlobalSection(ProjectConfigurationPlatforms) = postSolution
		{DA012371-9948-4A5F-96D4-72F247FF1843}.Debug|Any CPU.ActiveCfg = Debug|Any CPU
		{DA012371-9948-4A5F-96D4-72F247FF1843}.Debug|Any CPU.Build.0 = Debug|Any CPU
		{DA012371-9948-4A5F-96D4-72F247FF1843}.Release|Any CPU.ActiveCfg = Release|Any CPU
		{DA012371-9948-4A5F-96D4-72F247FF1843}.Release|Any CPU.Build.0 = Release|Any CPU
		{F7F27F29-CEEC-485E-8DC7-E569D3A2571F}.Debug|Any CPU.ActiveCfg = Debug|Any CPU
		{F7F27F29-CEEC-485E-8DC7-E569D3A2571F}.Debug|Any CPU.Build.0 = Debug|Any CPU
		{F7F27F29-CEEC-485E-8DC7-E569D3A2571F}.Release|Any CPU.ActiveCfg = Release|Any CPU
		{F7F27F29-CEEC-485E-8DC7-E569D3A2571F}.Release|Any CPU.Build.0 = Release|Any CPU
		{63021E5F-4909-4C13-9641-9EBE3894091D}.Debug|Any CPU.ActiveCfg = Debug|Any CPU
		{63021E5F-4909-4C13-9641-9EBE3894091D}.Debug|Any CPU.Build.0 = Debug|Any CPU
		{63021E5F-4909-4C13-9641-9EBE3894091D}.Release|Any CPU.ActiveCfg = Release|Any CPU
		{63021E5F-4909-4C13-9641-9EBE3894091D}.Release|Any CPU.Build.0 = Release|Any CPU
		{7E62E9AD-530A-4817-8B1A-56D42BB354A9}.Debug|Any CPU.ActiveCfg = Debug|Any CPU
		{7E62E9AD-530A-4817-8B1A-56D42BB354A9}.Debug|Any CPU.Build.0 = Debug|Any CPU
		{7E62E9AD-530A-4817-8B1A-56D42BB354A9}.Release|Any CPU.ActiveCfg = Release|Any CPU
		{7E62E9AD-530A-4817-8B1A-56D42BB354A9}.Release|Any CPU.Build.0 = Release|Any CPU
		{4B7AABCC-F676-49DF-96E9-E73E8C05520A}.Debug|Any CPU.ActiveCfg = Debug|Any CPU
		{4B7AABCC-F676-49DF-96E9-E73E8C05520A}.Debug|Any CPU.Build.0 = Debug|Any CPU
		{4B7AABCC-F676-49DF-96E9-E73E8C05520A}.Release|Any CPU.ActiveCfg = Release|Any CPU
		{4B7AABCC-F676-49DF-96E9-E73E8C05520A}.Release|Any CPU.Build.0 = Release|Any CPU
		{82064ACB-94E6-464A-AFCA-4769EFF1E3E3}.Debug|Any CPU.ActiveCfg = Debug|Any CPU
		{82064ACB-94E6-464A-AFCA-4769EFF1E3E3}.Debug|Any CPU.Build.0 = Debug|Any CPU
		{82064ACB-94E6-464A-AFCA-4769EFF1E3E3}.Release|Any CPU.ActiveCfg = Release|Any CPU
		{82064ACB-94E6-464A-AFCA-4769EFF1E3E3}.Release|Any CPU.Build.0 = Release|Any CPU
		{00EB149F-674B-4604-95F4-C141ECCE1D7C}.Debug|Any CPU.ActiveCfg = Debug|Any CPU
		{00EB149F-674B-4604-95F4-C141ECCE1D7C}.Debug|Any CPU.Build.0 = Debug|Any CPU
		{00EB149F-674B-4604-95F4-C141ECCE1D7C}.Release|Any CPU.ActiveCfg = Release|Any CPU
		{00EB149F-674B-4604-95F4-C141ECCE1D7C}.Release|Any CPU.Build.0 = Release|Any CPU
		{5DD68AF2-09B3-4E30-91BD-41691466EA3A}.Debug|Any CPU.ActiveCfg = Debug|Any CPU
		{5DD68AF2-09B3-4E30-91BD-41691466EA3A}.Debug|Any CPU.Build.0 = Debug|Any CPU
		{5DD68AF2-09B3-4E30-91BD-41691466EA3A}.Release|Any CPU.ActiveCfg = Release|Any CPU
		{5DD68AF2-09B3-4E30-91BD-41691466EA3A}.Release|Any CPU.Build.0 = Release|Any CPU
		{ACD59AA1-5500-4539-BB7D-368317D5BBAE}.Debug|Any CPU.ActiveCfg = Debug|Any CPU
		{ACD59AA1-5500-4539-BB7D-368317D5BBAE}.Debug|Any CPU.Build.0 = Debug|Any CPU
		{ACD59AA1-5500-4539-BB7D-368317D5BBAE}.Release|Any CPU.ActiveCfg = Release|Any CPU
		{ACD59AA1-5500-4539-BB7D-368317D5BBAE}.Release|Any CPU.Build.0 = Release|Any CPU
		{05BB75AE-74C5-4710-B5CA-D6B101150CEF}.Debug|Any CPU.ActiveCfg = Debug|Any CPU
		{05BB75AE-74C5-4710-B5CA-D6B101150CEF}.Debug|Any CPU.Build.0 = Debug|Any CPU
		{05BB75AE-74C5-4710-B5CA-D6B101150CEF}.Release|Any CPU.ActiveCfg = Release|Any CPU
		{05BB75AE-74C5-4710-B5CA-D6B101150CEF}.Release|Any CPU.Build.0 = Release|Any CPU
		{6BDA0C33-9819-4A4B-BBBB-D90575D20986}.Debug|Any CPU.ActiveCfg = Debug|Any CPU
		{6BDA0C33-9819-4A4B-BBBB-D90575D20986}.Debug|Any CPU.Build.0 = Debug|Any CPU
		{6BDA0C33-9819-4A4B-BBBB-D90575D20986}.Release|Any CPU.ActiveCfg = Release|Any CPU
		{6BDA0C33-9819-4A4B-BBBB-D90575D20986}.Release|Any CPU.Build.0 = Release|Any CPU
		{C5C01931-9753-472D-9EF4-A4E010F33394}.Debug|Any CPU.ActiveCfg = Debug|Any CPU
		{C5C01931-9753-472D-9EF4-A4E010F33394}.Debug|Any CPU.Build.0 = Debug|Any CPU
		{C5C01931-9753-472D-9EF4-A4E010F33394}.Release|Any CPU.ActiveCfg = Release|Any CPU
		{C5C01931-9753-472D-9EF4-A4E010F33394}.Release|Any CPU.Build.0 = Release|Any CPU
		{75CD4A6B-026A-4B04-9A53-312CEB89EA38}.Debug|Any CPU.ActiveCfg = Debug|Any CPU
		{75CD4A6B-026A-4B04-9A53-312CEB89EA38}.Debug|Any CPU.Build.0 = Debug|Any CPU
		{75CD4A6B-026A-4B04-9A53-312CEB89EA38}.Release|Any CPU.ActiveCfg = Release|Any CPU
		{75CD4A6B-026A-4B04-9A53-312CEB89EA38}.Release|Any CPU.Build.0 = Release|Any CPU
		{4499F918-155A-404A-A6F4-7381C1878041}.Debug|Any CPU.ActiveCfg = Debug|Any CPU
		{4499F918-155A-404A-A6F4-7381C1878041}.Debug|Any CPU.Build.0 = Debug|Any CPU
		{4499F918-155A-404A-A6F4-7381C1878041}.Release|Any CPU.ActiveCfg = Release|Any CPU
		{4499F918-155A-404A-A6F4-7381C1878041}.Release|Any CPU.Build.0 = Release|Any CPU
	EndGlobalSection
	GlobalSection(SolutionProperties) = preSolution
		HideSolutionNode = FALSE
	EndGlobalSection
	GlobalSection(NestedProjects) = preSolution
		{B773293F-024E-41F9-A3B3-FE4D1B89AAFA} = {91608152-5321-4278-ADDF-4C7B58E332A4}
		{DA012371-9948-4A5F-96D4-72F247FF1843} = {B773293F-024E-41F9-A3B3-FE4D1B89AAFA}
		{5E57CF59-5A61-4154-9770-3524B20DDD4E} = {91608152-5321-4278-ADDF-4C7B58E332A4}
		{F7F27F29-CEEC-485E-8DC7-E569D3A2571F} = {5E57CF59-5A61-4154-9770-3524B20DDD4E}
		{00448542-308A-402A-A524-2B0FD83CBAE0} = {91608152-5321-4278-ADDF-4C7B58E332A4}
		{63021E5F-4909-4C13-9641-9EBE3894091D} = {00448542-308A-402A-A524-2B0FD83CBAE0}
		{55BEE7B8-6546-4D9C-9601-7B9BC56B17A1} = {91608152-5321-4278-ADDF-4C7B58E332A4}
		{7E62E9AD-530A-4817-8B1A-56D42BB354A9} = {55BEE7B8-6546-4D9C-9601-7B9BC56B17A1}
		{CA1A4F8E-B0AA-46FF-A9DF-24388F682D81} = {91608152-5321-4278-ADDF-4C7B58E332A4}
		{4B7AABCC-F676-49DF-96E9-E73E8C05520A} = {CA1A4F8E-B0AA-46FF-A9DF-24388F682D81}
		{C07EE2A7-B50F-4F49-9914-D7C7E677DB91} = {91608152-5321-4278-ADDF-4C7B58E332A4}
		{82064ACB-94E6-464A-AFCA-4769EFF1E3E3} = {C07EE2A7-B50F-4F49-9914-D7C7E677DB91}
		{CBCC8D97-065B-4AC5-8AE2-E08A653E1E1A} = {91608152-5321-4278-ADDF-4C7B58E332A4}
		{00EB149F-674B-4604-95F4-C141ECCE1D7C} = {CBCC8D97-065B-4AC5-8AE2-E08A653E1E1A}
		{E0A73893-6604-4C3D-B9E1-31816C103839} = {91608152-5321-4278-ADDF-4C7B58E332A4}
		{5DD68AF2-09B3-4E30-91BD-41691466EA3A} = {E0A73893-6604-4C3D-B9E1-31816C103839}
		{B3A06696-7993-45A4-8144-4EFF17F1EAB7} = {91608152-5321-4278-ADDF-4C7B58E332A4}
		{ACD59AA1-5500-4539-BB7D-368317D5BBAE} = {B3A06696-7993-45A4-8144-4EFF17F1EAB7}
		{D472EC56-38F1-4133-A480-CF2A57D1D46B} = {91608152-5321-4278-ADDF-4C7B58E332A4}
		{05BB75AE-74C5-4710-B5CA-D6B101150CEF} = {D472EC56-38F1-4133-A480-CF2A57D1D46B}
		{5D65BC00-364E-4701-A54A-4211D2D6B113} = {91608152-5321-4278-ADDF-4C7B58E332A4}
		{6BDA0C33-9819-4A4B-BBBB-D90575D20986} = {5D65BC00-364E-4701-A54A-4211D2D6B113}
		{59469DC8-F0A5-4849-B751-0BA9E48B8DD7} = {91608152-5321-4278-ADDF-4C7B58E332A4}
		{C5C01931-9753-472D-9EF4-A4E010F33394} = {59469DC8-F0A5-4849-B751-0BA9E48B8DD7}
		{29530FA7-0937-4BA6-B2DE-8AA02EE829DB} = {91608152-5321-4278-ADDF-4C7B58E332A4}
		{75CD4A6B-026A-4B04-9A53-312CEB89EA38} = {29530FA7-0937-4BA6-B2DE-8AA02EE829DB}
		{32B4803D-7050-457D-B6A8-83549BBDABCF} = {91608152-5321-4278-ADDF-4C7B58E332A4}
		{4499F918-155A-404A-A6F4-7381C1878041} = {32B4803D-7050-457D-B6A8-83549BBDABCF}
	EndGlobalSection
	GlobalSection(ExtensibilityGlobals) = postSolution
		SolutionGuid = {B038CACA-EBE8-4D94-9F7A-85ECF244A055}
	EndGlobalSection
EndGlobal
