
Microsoft Visual Studio Solution File, Format Version 12.00
# Visual Studio Version 16
VisualStudioVersion = 16.0.29318.209
MinimumVisualStudioVersion = 10.0.40219.1
Project("{FAE04EC0-301F-11D3-BF4B-00C04F79EFBC}") = "NamedParameters", "NamedParameters\NamedParameters.csproj", "{CF66F5F8-F78A-4664-96F6-E3FB135BCB6D}"
EndProject
Global
	GlobalSection(SolutionConfigurationPlatforms) = preSolution
		Debug|Any CPU = Debug|Any CPU
		Release|Any CPU = Release|Any CPU
	EndGlobalSection
	GlobalSection(ProjectConfigurationPlatforms) = postSolution
		{CF66F5F8-F78A-4664-96F6-E3FB135BCB6D}.Debug|Any CPU.ActiveCfg = Debug|Any CPU
		{CF66F5F8-F78A-4664-96F6-E3FB135BCB6D}.Debug|Any CPU.Build.0 = Debug|Any CPU
		{CF66F5F8-F78A-4664-96F6-E3FB135BCB6D}.Release|Any CPU.ActiveCfg = Release|Any CPU
		{CF66F5F8-F78A-4664-96F6-E3FB135BCB6D}.Release|Any CPU.Build.0 = Release|Any CPU
	EndGlobalSection
	GlobalSection(SolutionProperties) = preSolution
		HideSolutionNode = FALSE
	EndGlobalSection
	GlobalSection(ExtensibilityGlobals) = postSolution
		SolutionGuid = {9068D468-4EF1-43E6-8AEA-C7A5784A8D20}
	EndGlobalSection
EndGlobal
