
Microsoft Visual Studio Solution File, Format Version 12.00
# Visual Studio Version 17
VisualStudioVersion = 17.4.33213.308
MinimumVisualStudioVersion = 10.0.40219.1
Project("{FAE04EC0-301F-11D3-BF4B-00C04F79EFBC}") = "COMP3602Lab05", "COMP3602Lab05\COMP3602Lab05.csproj", "{B849459A-3F9F-44E3-9CD2-2D04837EEFEA}"
EndProject
Global
	GlobalSection(SolutionConfigurationPlatforms) = preSolution
		Debug|Any CPU = Debug|Any CPU
		Release|Any CPU = Release|Any CPU
	EndGlobalSection
	GlobalSection(ProjectConfigurationPlatforms) = postSolution
		{B849459A-3F9F-44E3-9CD2-2D04837EEFEA}.Debug|Any CPU.ActiveCfg = Debug|Any CPU
		{B849459A-3F9F-44E3-9CD2-2D04837EEFEA}.Debug|Any CPU.Build.0 = Debug|Any CPU
		{B849459A-3F9F-44E3-9CD2-2D04837EEFEA}.Release|Any CPU.ActiveCfg = Release|Any CPU
		{B849459A-3F9F-44E3-9CD2-2D04837EEFEA}.Release|Any CPU.Build.0 = Release|Any CPU
	EndGlobalSection
	GlobalSection(SolutionProperties) = preSolution
		HideSolutionNode = FALSE
	EndGlobalSection
	GlobalSection(ExtensibilityGlobals) = postSolution
		SolutionGuid = {69A29BBA-6019-4CE3-9317-F3A2BB6D2DC6}
	EndGlobalSection
EndGlobal
