
Microsoft Visual Studio Solution File, Format Version 12.00
# Visual Studio 15
VisualStudioVersion = 15.0.28010.2050
MinimumVisualStudioVersion = 10.0.40219.1
Project("{FAE04EC0-301F-11D3-BF4B-00C04F79EFBC}") = "KeyPadDemo", "KeyPadDemo\KeyPadDemo.csproj", "{A85635F8-75A3-4128-B157-F8A4716B6D27}"
EndProject
Global
	GlobalSection(SolutionConfigurationPlatforms) = preSolution
		Debug|Any CPU = Debug|Any CPU
		Release|Any CPU = Release|Any CPU
	EndGlobalSection
	GlobalSection(ProjectConfigurationPlatforms) = postSolution
		{A85635F8-75A3-4128-B157-F8A4716B6D27}.Debug|Any CPU.ActiveCfg = Debug|Any CPU
		{A85635F8-75A3-4128-B157-F8A4716B6D27}.Debug|Any CPU.Build.0 = Debug|Any CPU
		{A85635F8-75A3-4128-B157-F8A4716B6D27}.Release|Any CPU.ActiveCfg = Release|Any CPU
		{A85635F8-75A3-4128-B157-F8A4716B6D27}.Release|Any CPU.Build.0 = Release|Any CPU
	EndGlobalSection
	GlobalSection(SolutionProperties) = preSolution
		HideSolutionNode = FALSE
	EndGlobalSection
	GlobalSection(ExtensibilityGlobals) = postSolution
		SolutionGuid = {E5F844A1-CE4C-492E-9D44-3652A04608A6}
	EndGlobalSection
EndGlobal
