
Microsoft Visual Studio Solution File, Format Version 12.00
# Visual Studio Version 16
VisualStudioVersion = 16.0.29306.81
MinimumVisualStudioVersion = 10.0.40219.1
Project("{FAE04EC0-301F-11D3-BF4B-00C04F79EFBC}") = "ArraysValueTypes", "ArraysValueTypes\ArraysValueTypes.csproj", "{C12A1C53-02A1-47C1-AB55-389C6AEB006B}"
EndProject
Global
	GlobalSection(SolutionConfigurationPlatforms) = preSolution
		Debug|Any CPU = Debug|Any CPU
		Release|Any CPU = Release|Any CPU
	EndGlobalSection
	GlobalSection(ProjectConfigurationPlatforms) = postSolution
		{C12A1C53-02A1-47C1-AB55-389C6AEB006B}.Debug|Any CPU.ActiveCfg = Debug|Any CPU
		{C12A1C53-02A1-47C1-AB55-389C6AEB006B}.Debug|Any CPU.Build.0 = Debug|Any CPU
		{C12A1C53-02A1-47C1-AB55-389C6AEB006B}.Release|Any CPU.ActiveCfg = Release|Any CPU
		{C12A1C53-02A1-47C1-AB55-389C6AEB006B}.Release|Any CPU.Build.0 = Release|Any CPU
	EndGlobalSection
	GlobalSection(SolutionProperties) = preSolution
		HideSolutionNode = FALSE
	EndGlobalSection
	GlobalSection(ExtensibilityGlobals) = postSolution
		SolutionGuid = {6671BDD0-D467-4B22-A810-02CC80A0EE27}
	EndGlobalSection
EndGlobal
