
Microsoft Visual Studio Solution File, Format Version 12.00
# Visual Studio Version 17
VisualStudioVersion = 17.4.33213.308
MinimumVisualStudioVersion = 10.0.40219.1
Project("{2150E333-8FDC-42A3-9474-1A3956D46DE8}") = "Examples", "Examples", "{88040ABF-11C0-4E0A-96DD-B0DC3147D76F}"
EndProject
Project("{2150E333-8FDC-42A3-9474-1A3956D46DE8}") = "ValueAndReferenceTypes", "ValueAndReferenceTypes", "{EA6E86A1-27D3-4133-8267-C61D4E5F8DCC}"
EndProject
Project("{FAE04EC0-301F-11D3-BF4B-00C04F79EFBC}") = "ValueAndReferenceTypes", "..\ValueAndReferenceTypes\ValueAndReferenceTypes\ValueAndReferenceTypes.csproj", "{D58E9CD4-076D-4DB8-BD84-9F8CF1D7CA1A}"
EndProject
Project("{2150E333-8FDC-42A3-9474-1A3956D46DE8}") = "StringMethods", "StringMethods", "{DB3BE040-E406-4FBC-AB3C-E90F15950218}"
EndProject
Project("{FAE04EC0-301F-11D3-BF4B-00C04F79EFBC}") = "StringMethods", "..\StringMethods\StringMethods\StringMethods.csproj", "{49512F07-ABFD-4EBB-B500-E528F9BD6AD6}"
EndProject
Project("{2150E333-8FDC-42A3-9474-1A3956D46DE8}") = "StringBuilderDemo", "StringBuilderDemo", "{4BA327F1-C7DA-4D12-9BD6-3140F13A053F}"
EndProject
Project("{FAE04EC0-301F-11D3-BF4B-00C04F79EFBC}") = "StringBuilderDemo", "..\StringBuilderDemo\StringBuilderDemo\StringBuilderDemo.csproj", "{BA6B9533-7421-48ED-AACA-D054E6D826B3}"
EndProject
Project("{2150E333-8FDC-42A3-9474-1A3956D46DE8}") = "ReadonlyPropertiesVsReadonlyFields", "ReadonlyPropertiesVsReadonlyFields", "{0E069F6D-8FA0-48BA-883D-7DF53C200C2F}"
EndProject
Project("{FAE04EC0-301F-11D3-BF4B-00C04F79EFBC}") = "ReadonlyPropertiesVsReadonlyFields", "..\ReadonlyPropertiesVsReadonlyFields\ReadonlyPropertiesVsReadonlyFields\ReadonlyPropertiesVsReadonlyFields.csproj", "{877CF85B-BAC1-496B-8185-7F83E5D145DE}"
EndProject
Project("{2150E333-8FDC-42A3-9474-1A3956D46DE8}") = "PropertyMethods", "PropertyMethods", "{DFA18575-DE20-4007-A6D7-3820AEC38E46}"
EndProject
Project("{FAE04EC0-301F-11D3-BF4B-00C04F79EFBC}") = "PropertyMethods", "..\PropertyMethods\PropertyMethods\PropertyMethods.csproj", "{7523E736-2D49-4E9D-9AB5-4C2A81BFAAE7}"
EndProject
Project("{2150E333-8FDC-42A3-9474-1A3956D46DE8}") = "ObjectInitializers", "ObjectInitializers", "{DBDC542A-B225-46D9-BFA0-782610568703}"
EndProject
Project("{FAE04EC0-301F-11D3-BF4B-00C04F79EFBC}") = "ObjectInitializers", "..\ObjectInitializers\ObjectInitializers\ObjectInitializers.csproj", "{86973BEF-15D4-40DD-966E-9A8F8DFEEF33}"
EndProject
Project("{2150E333-8FDC-42A3-9474-1A3956D46DE8}") = "DefaultConstructors", "DefaultConstructors", "{E4B27836-F9E6-4A75-96EA-4F8A7C0D51D4}"
EndProject
Project("{FAE04EC0-301F-11D3-BF4B-00C04F79EFBC}") = "DefaultConstructors", "..\DefaultConstructors\DefaultConstructors\DefaultConstructors.csproj", "{BD0C6775-B448-4A59-85DD-3620F2F0FA85}"
EndProject
Project("{2150E333-8FDC-42A3-9474-1A3956D46DE8}") = "CompositeStringFormatting", "CompositeStringFormatting", "{B1E32B24-E759-4BAB-AA4E-6FFCCE6B5758}"
EndProject
Project("{FAE04EC0-301F-11D3-BF4B-00C04F79EFBC}") = "CompositeStringFormatting", "..\CompositeStringFormatting\CompositeStringFormatting\CompositeStringFormatting.csproj", "{1BF5EC7E-BF78-4A7B-A020-472058DCD1EF}"
EndProject
Project("{2150E333-8FDC-42A3-9474-1A3956D46DE8}") = "CalculatedProperties", "CalculatedProperties", "{7260916D-D33D-4DA3-9484-719F03F076F3}"
EndProject
Project("{FAE04EC0-301F-11D3-BF4B-00C04F79EFBC}") = "CalculatedProperties", "..\CalculatedProperties\CalculatedProperties\CalculatedProperties.csproj", "{0BD57675-7076-420E-B978-E079A702D9DA}"
EndProject
Project("{2150E333-8FDC-42A3-9474-1A3956D46DE8}") = "ArraysValueTypes", "ArraysValueTypes", "{4CB4DC32-6185-4F99-A341-C5C30E37A611}"
EndProject
Project("{FAE04EC0-301F-11D3-BF4B-00C04F79EFBC}") = "ArraysValueTypes", "..\ArraysValueTypes\ArraysValueTypes\ArraysValueTypes.csproj", "{C12A1C53-02A1-47C1-AB55-389C6AEB006B}"
EndProject
Project("{2150E333-8FDC-42A3-9474-1A3956D46DE8}") = "ArraysReferenceTypes", "ArraysReferenceTypes", "{E499BF15-6BDB-4B00-9EA0-C8058A84847A}"
EndProject
Project("{FAE04EC0-301F-11D3-BF4B-00C04F79EFBC}") = "ArraysReferenceTypes", "ArraysReferenceTypes\ArraysReferenceTypes.csproj", "{DCAFF655-366E-48F3-A0A5-E17EFB397505}"
EndProject
Global
	GlobalSection(SolutionConfigurationPlatforms) = preSolution
		Debug|Any CPU = Debug|Any CPU
		Release|Any CPU = Release|Any CPU
	EndGlobalSection
	GlobalSection(ProjectConfigurationPlatforms) = postSolution
		{D58E9CD4-076D-4DB8-BD84-9F8CF1D7CA1A}.Debug|Any CPU.ActiveCfg = Debug|Any CPU
		{D58E9CD4-076D-4DB8-BD84-9F8CF1D7CA1A}.Debug|Any CPU.Build.0 = Debug|Any CPU
		{D58E9CD4-076D-4DB8-BD84-9F8CF1D7CA1A}.Release|Any CPU.ActiveCfg = Release|Any CPU
		{D58E9CD4-076D-4DB8-BD84-9F8CF1D7CA1A}.Release|Any CPU.Build.0 = Release|Any CPU
		{49512F07-ABFD-4EBB-B500-E528F9BD6AD6}.Debug|Any CPU.ActiveCfg = Debug|Any CPU
		{49512F07-ABFD-4EBB-B500-E528F9BD6AD6}.Debug|Any CPU.Build.0 = Debug|Any CPU
		{49512F07-ABFD-4EBB-B500-E528F9BD6AD6}.Release|Any CPU.ActiveCfg = Release|Any CPU
		{49512F07-ABFD-4EBB-B500-E528F9BD6AD6}.Release|Any CPU.Build.0 = Release|Any CPU
		{BA6B9533-7421-48ED-AACA-D054E6D826B3}.Debug|Any CPU.ActiveCfg = Debug|Any CPU
		{BA6B9533-7421-48ED-AACA-D054E6D826B3}.Debug|Any CPU.Build.0 = Debug|Any CPU
		{BA6B9533-7421-48ED-AACA-D054E6D826B3}.Release|Any CPU.ActiveCfg = Release|Any CPU
		{BA6B9533-7421-48ED-AACA-D054E6D826B3}.Release|Any CPU.Build.0 = Release|Any CPU
		{877CF85B-BAC1-496B-8185-7F83E5D145DE}.Debug|Any CPU.ActiveCfg = Debug|Any CPU
		{877CF85B-BAC1-496B-8185-7F83E5D145DE}.Debug|Any CPU.Build.0 = Debug|Any CPU
		{877CF85B-BAC1-496B-8185-7F83E5D145DE}.Release|Any CPU.ActiveCfg = Release|Any CPU
		{877CF85B-BAC1-496B-8185-7F83E5D145DE}.Release|Any CPU.Build.0 = Release|Any CPU
		{7523E736-2D49-4E9D-9AB5-4C2A81BFAAE7}.Debug|Any CPU.ActiveCfg = Debug|Any CPU
		{7523E736-2D49-4E9D-9AB5-4C2A81BFAAE7}.Debug|Any CPU.Build.0 = Debug|Any CPU
		{7523E736-2D49-4E9D-9AB5-4C2A81BFAAE7}.Release|Any CPU.ActiveCfg = Release|Any CPU
		{7523E736-2D49-4E9D-9AB5-4C2A81BFAAE7}.Release|Any CPU.Build.0 = Release|Any CPU
		{86973BEF-15D4-40DD-966E-9A8F8DFEEF33}.Debug|Any CPU.ActiveCfg = Debug|Any CPU
		{86973BEF-15D4-40DD-966E-9A8F8DFEEF33}.Debug|Any CPU.Build.0 = Debug|Any CPU
		{86973BEF-15D4-40DD-966E-9A8F8DFEEF33}.Release|Any CPU.ActiveCfg = Release|Any CPU
		{86973BEF-15D4-40DD-966E-9A8F8DFEEF33}.Release|Any CPU.Build.0 = Release|Any CPU
		{BD0C6775-B448-4A59-85DD-3620F2F0FA85}.Debug|Any CPU.ActiveCfg = Debug|Any CPU
		{BD0C6775-B448-4A59-85DD-3620F2F0FA85}.Debug|Any CPU.Build.0 = Debug|Any CPU
		{BD0C6775-B448-4A59-85DD-3620F2F0FA85}.Release|Any CPU.ActiveCfg = Release|Any CPU
		{BD0C6775-B448-4A59-85DD-3620F2F0FA85}.Release|Any CPU.Build.0 = Release|Any CPU
		{1BF5EC7E-BF78-4A7B-A020-472058DCD1EF}.Debug|Any CPU.ActiveCfg = Debug|Any CPU
		{1BF5EC7E-BF78-4A7B-A020-472058DCD1EF}.Debug|Any CPU.Build.0 = Debug|Any CPU
		{1BF5EC7E-BF78-4A7B-A020-472058DCD1EF}.Release|Any CPU.ActiveCfg = Release|Any CPU
		{1BF5EC7E-BF78-4A7B-A020-472058DCD1EF}.Release|Any CPU.Build.0 = Release|Any CPU
		{0BD57675-7076-420E-B978-E079A702D9DA}.Debug|Any CPU.ActiveCfg = Debug|Any CPU
		{0BD57675-7076-420E-B978-E079A702D9DA}.Debug|Any CPU.Build.0 = Debug|Any CPU
		{0BD57675-7076-420E-B978-E079A702D9DA}.Release|Any CPU.ActiveCfg = Release|Any CPU
		{0BD57675-7076-420E-B978-E079A702D9DA}.Release|Any CPU.Build.0 = Release|Any CPU
		{C12A1C53-02A1-47C1-AB55-389C6AEB006B}.Debug|Any CPU.ActiveCfg = Debug|Any CPU
		{C12A1C53-02A1-47C1-AB55-389C6AEB006B}.Debug|Any CPU.Build.0 = Debug|Any CPU
		{C12A1C53-02A1-47C1-AB55-389C6AEB006B}.Release|Any CPU.ActiveCfg = Release|Any CPU
		{C12A1C53-02A1-47C1-AB55-389C6AEB006B}.Release|Any CPU.Build.0 = Release|Any CPU
		{DCAFF655-366E-48F3-A0A5-E17EFB397505}.Debug|Any CPU.ActiveCfg = Debug|Any CPU
		{DCAFF655-366E-48F3-A0A5-E17EFB397505}.Debug|Any CPU.Build.0 = Debug|Any CPU
		{DCAFF655-366E-48F3-A0A5-E17EFB397505}.Release|Any CPU.ActiveCfg = Release|Any CPU
		{DCAFF655-366E-48F3-A0A5-E17EFB397505}.Release|Any CPU.Build.0 = Release|Any CPU
	EndGlobalSection
	GlobalSection(SolutionProperties) = preSolution
		HideSolutionNode = FALSE
	EndGlobalSection
	GlobalSection(NestedProjects) = preSolution
		{EA6E86A1-27D3-4133-8267-C61D4E5F8DCC} = {88040ABF-11C0-4E0A-96DD-B0DC3147D76F}
		{D58E9CD4-076D-4DB8-BD84-9F8CF1D7CA1A} = {EA6E86A1-27D3-4133-8267-C61D4E5F8DCC}
		{DB3BE040-E406-4FBC-AB3C-E90F15950218} = {88040ABF-11C0-4E0A-96DD-B0DC3147D76F}
		{49512F07-ABFD-4EBB-B500-E528F9BD6AD6} = {DB3BE040-E406-4FBC-AB3C-E90F15950218}
		{4BA327F1-C7DA-4D12-9BD6-3140F13A053F} = {88040ABF-11C0-4E0A-96DD-B0DC3147D76F}
		{BA6B9533-7421-48ED-AACA-D054E6D826B3} = {4BA327F1-C7DA-4D12-9BD6-3140F13A053F}
		{0E069F6D-8FA0-48BA-883D-7DF53C200C2F} = {88040ABF-11C0-4E0A-96DD-B0DC3147D76F}
		{877CF85B-BAC1-496B-8185-7F83E5D145DE} = {0E069F6D-8FA0-48BA-883D-7DF53C200C2F}
		{DFA18575-DE20-4007-A6D7-3820AEC38E46} = {88040ABF-11C0-4E0A-96DD-B0DC3147D76F}
		{7523E736-2D49-4E9D-9AB5-4C2A81BFAAE7} = {DFA18575-DE20-4007-A6D7-3820AEC38E46}
		{DBDC542A-B225-46D9-BFA0-782610568703} = {88040ABF-11C0-4E0A-96DD-B0DC3147D76F}
		{86973BEF-15D4-40DD-966E-9A8F8DFEEF33} = {DBDC542A-B225-46D9-BFA0-782610568703}
		{E4B27836-F9E6-4A75-96EA-4F8A7C0D51D4} = {88040ABF-11C0-4E0A-96DD-B0DC3147D76F}
		{BD0C6775-B448-4A59-85DD-3620F2F0FA85} = {E4B27836-F9E6-4A75-96EA-4F8A7C0D51D4}
		{B1E32B24-E759-4BAB-AA4E-6FFCCE6B5758} = {88040ABF-11C0-4E0A-96DD-B0DC3147D76F}
		{1BF5EC7E-BF78-4A7B-A020-472058DCD1EF} = {B1E32B24-E759-4BAB-AA4E-6FFCCE6B5758}
		{7260916D-D33D-4DA3-9484-719F03F076F3} = {88040ABF-11C0-4E0A-96DD-B0DC3147D76F}
		{0BD57675-7076-420E-B978-E079A702D9DA} = {7260916D-D33D-4DA3-9484-719F03F076F3}
		{4CB4DC32-6185-4F99-A341-C5C30E37A611} = {88040ABF-11C0-4E0A-96DD-B0DC3147D76F}
		{C12A1C53-02A1-47C1-AB55-389C6AEB006B} = {4CB4DC32-6185-4F99-A341-C5C30E37A611}
		{E499BF15-6BDB-4B00-9EA0-C8058A84847A} = {88040ABF-11C0-4E0A-96DD-B0DC3147D76F}
		{DCAFF655-366E-48F3-A0A5-E17EFB397505} = {E499BF15-6BDB-4B00-9EA0-C8058A84847A}
	EndGlobalSection
	GlobalSection(ExtensibilityGlobals) = postSolution
		SolutionGuid = {FF2E7F17-8986-47DE-A454-E3BE4401BC13}
	EndGlobalSection
EndGlobal
