
Microsoft Visual Studio Solution File, Format Version 12.00
# Visual Studio Version 16
VisualStudioVersion = 16.0.29324.140
MinimumVisualStudioVersion = 10.0.40219.1
Project("{FAE04EC0-301F-11D3-BF4B-00C04F79EFBC}") = "StackDemo", "StackDemo\StackDemo.csproj", "{63021E5F-4909-4C13-9641-9EBE3894091D}"
EndProject
Global
	GlobalSection(SolutionConfigurationPlatforms) = preSolution
		Debug|Any CPU = Debug|Any CPU
		Release|Any CPU = Release|Any CPU
	EndGlobalSection
	GlobalSection(ProjectConfigurationPlatforms) = postSolution
		{63021E5F-4909-4C13-9641-9EBE3894091D}.Debug|Any CPU.ActiveCfg = Debug|Any CPU
		{63021E5F-4909-4C13-9641-9EBE3894091D}.Debug|Any CPU.Build.0 = Debug|Any CPU
		{63021E5F-4909-4C13-9641-9EBE3894091D}.Release|Any CPU.ActiveCfg = Release|Any CPU
		{63021E5F-4909-4C13-9641-9EBE3894091D}.Release|Any CPU.Build.0 = Release|Any CPU
	EndGlobalSection
	GlobalSection(SolutionProperties) = preSolution
		HideSolutionNode = FALSE
	EndGlobalSection
	GlobalSection(ExtensibilityGlobals) = postSolution
		SolutionGuid = {A7E437EC-107A-47B2-8317-B77C64A13C86}
	EndGlobalSection
EndGlobal
