
Microsoft Visual Studio Solution File, Format Version 12.00
# Visual Studio Version 17
VisualStudioVersion = 17.4.33213.308
MinimumVisualStudioVersion = 10.0.40219.1
Project("{2150E333-8FDC-42A3-9474-1A3956D46DE8}") = "In Class", "In Class", "{F28477C5-52CA-415A-A703-61C9F9DDADA5}"
EndProject
Project("{2150E333-8FDC-42A3-9474-1A3956D46DE8}") = "TypeInference", "TypeInference", "{34249060-43A7-4200-8585-20DFD101341D}"
EndProject
Project("{FAE04EC0-301F-11D3-BF4B-00C04F79EFBC}") = "TypeInference", "..\TypeInference\TypeInference\TypeInference.csproj", "{C8E76EBD-29AA-4DB6-BC75-26EDFC4DD81C}"
EndProject
Project("{2150E333-8FDC-42A3-9474-1A3956D46DE8}") = "ModalDialogDemo", "ModalDialogDemo", "{B27F3A45-09E3-4390-813F-832CC8AF3C7A}"
EndProject
Project("{FAE04EC0-301F-11D3-BF4B-00C04F79EFBC}") = "ModalDialogDemo", "..\ModalDialogDemo\ModalDialogDemo\ModalDialogDemo.csproj", "{4D58B12C-5FE1-4935-BD8B-71D0A4B3A58E}"
EndProject
Project("{2150E333-8FDC-42A3-9474-1A3956D46DE8}") = "MessageBoxDemo", "MessageBoxDemo", "{12DDA937-9DBB-4C77-9B5A-4F97736AA914}"
EndProject
Project("{FAE04EC0-301F-11D3-BF4B-00C04F79EFBC}") = "MessageBoxDemo", "..\MessageBoxDemo\MessageBoxDemo\MessageBoxDemo.csproj", "{4F6981A2-E327-45E9-B2EC-5AFDF8C6DF44}"
EndProject
Project("{2150E333-8FDC-42A3-9474-1A3956D46DE8}") = "LinqWithCollections", "LinqWithCollections", "{09DA9952-6A49-4F43-8D33-BD92EA5383A4}"
EndProject
Project("{FAE04EC0-301F-11D3-BF4B-00C04F79EFBC}") = "LinqWithCollections", "..\LinqWithCollections\LinqWithCollections\LinqWithCollections.csproj", "{73ABF850-887B-4370-8F0E-B37F141E759A}"
EndProject
Project("{2150E333-8FDC-42A3-9474-1A3956D46DE8}") = "LinqDeferredExecution", "LinqDeferredExecution", "{7F20FD2B-1AA9-40B2-9373-256C57DABF42}"
EndProject
Project("{FAE04EC0-301F-11D3-BF4B-00C04F79EFBC}") = "LinqDeferredExecution", "..\LinqDeferredExecution\LinqDeferredExecution\LinqDeferredExecution.csproj", "{4C5BC0A4-A309-48D5-87F6-F09900332E68}"
EndProject
Project("{2150E333-8FDC-42A3-9474-1A3956D46DE8}") = "LinqArrayProcessing", "LinqArrayProcessing", "{807BB8E9-5E64-4FB4-AAAA-50166D01A631}"
EndProject
Project("{FAE04EC0-301F-11D3-BF4B-00C04F79EFBC}") = "LinqArrayProcessing", "..\LinqArrayProcessing\LinqArrayProcessing\LinqArrayProcessing.csproj", "{C240994A-8C02-48AE-AEDA-45249C415FE6}"
EndProject
Project("{2150E333-8FDC-42A3-9474-1A3956D46DE8}") = "KeyPadDemo", "KeyPadDemo", "{E1460E30-801F-404D-8A1A-D53ACAB2BBBA}"
EndProject
Project("{FAE04EC0-301F-11D3-BF4B-00C04F79EFBC}") = "KeyPadDemo", "..\KeyPadDemo\KeyPadDemo\KeyPadDemo.csproj", "{A85635F8-75A3-4128-B157-F8A4716B6D27}"
EndProject
Project("{2150E333-8FDC-42A3-9474-1A3956D46DE8}") = "ExtensionMethods", "ExtensionMethods", "{4EDD4495-3BC8-4FAE-A085-8CB9F044BBFF}"
EndProject
Project("{FAE04EC0-301F-11D3-BF4B-00C04F79EFBC}") = "ExtensionMethods", "..\ExtensionMethods\ExtensionMethods\ExtensionMethods.csproj", "{F76139FC-83B9-4461-8F2D-CF892797F978}"
EndProject
Project("{2150E333-8FDC-42A3-9474-1A3956D46DE8}") = "DataBindingDemoF_w9sol", "DataBindingDemoF_w9sol", "{278B5803-6D73-40F8-8569-177D0AF8D5DA}"
EndProject
Project("{FAE04EC0-301F-11D3-BF4B-00C04F79EFBC}") = "DataBindingDemoFw9_sol", "..\DataBindingDemoF_w9sol\DataBindingDemoF\DataBindingDemoFw9_sol.csproj", "{81471914-2788-4351-AE90-9B8E0BD3CD0D}"
EndProject
Project("{FAE04EC0-301F-11D3-BF4B-00C04F79EFBC}") = "DataBindingDemoFw8_sol", "DataBindingDemoFw8_sol.csproj", "{62BB3E23-53B6-4DF9-94B9-C1DDA70128E5}"
EndProject
Global
	GlobalSection(SolutionConfigurationPlatforms) = preSolution
		Debug|Any CPU = Debug|Any CPU
		Release|Any CPU = Release|Any CPU
	EndGlobalSection
	GlobalSection(ProjectConfigurationPlatforms) = postSolution
		{C8E76EBD-29AA-4DB6-BC75-26EDFC4DD81C}.Debug|Any CPU.ActiveCfg = Debug|Any CPU
		{C8E76EBD-29AA-4DB6-BC75-26EDFC4DD81C}.Debug|Any CPU.Build.0 = Debug|Any CPU
		{C8E76EBD-29AA-4DB6-BC75-26EDFC4DD81C}.Release|Any CPU.ActiveCfg = Release|Any CPU
		{C8E76EBD-29AA-4DB6-BC75-26EDFC4DD81C}.Release|Any CPU.Build.0 = Release|Any CPU
		{4D58B12C-5FE1-4935-BD8B-71D0A4B3A58E}.Debug|Any CPU.ActiveCfg = Debug|Any CPU
		{4D58B12C-5FE1-4935-BD8B-71D0A4B3A58E}.Debug|Any CPU.Build.0 = Debug|Any CPU
		{4D58B12C-5FE1-4935-BD8B-71D0A4B3A58E}.Release|Any CPU.ActiveCfg = Release|Any CPU
		{4D58B12C-5FE1-4935-BD8B-71D0A4B3A58E}.Release|Any CPU.Build.0 = Release|Any CPU
		{4F6981A2-E327-45E9-B2EC-5AFDF8C6DF44}.Debug|Any CPU.ActiveCfg = Debug|Any CPU
		{4F6981A2-E327-45E9-B2EC-5AFDF8C6DF44}.Debug|Any CPU.Build.0 = Debug|Any CPU
		{4F6981A2-E327-45E9-B2EC-5AFDF8C6DF44}.Release|Any CPU.ActiveCfg = Release|Any CPU
		{4F6981A2-E327-45E9-B2EC-5AFDF8C6DF44}.Release|Any CPU.Build.0 = Release|Any CPU
		{73ABF850-887B-4370-8F0E-B37F141E759A}.Debug|Any CPU.ActiveCfg = Debug|Any CPU
		{73ABF850-887B-4370-8F0E-B37F141E759A}.Debug|Any CPU.Build.0 = Debug|Any CPU
		{73ABF850-887B-4370-8F0E-B37F141E759A}.Release|Any CPU.ActiveCfg = Release|Any CPU
		{73ABF850-887B-4370-8F0E-B37F141E759A}.Release|Any CPU.Build.0 = Release|Any CPU
		{4C5BC0A4-A309-48D5-87F6-F09900332E68}.Debug|Any CPU.ActiveCfg = Debug|Any CPU
		{4C5BC0A4-A309-48D5-87F6-F09900332E68}.Debug|Any CPU.Build.0 = Debug|Any CPU
		{4C5BC0A4-A309-48D5-87F6-F09900332E68}.Release|Any CPU.ActiveCfg = Release|Any CPU
		{4C5BC0A4-A309-48D5-87F6-F09900332E68}.Release|Any CPU.Build.0 = Release|Any CPU
		{C240994A-8C02-48AE-AEDA-45249C415FE6}.Debug|Any CPU.ActiveCfg = Debug|Any CPU
		{C240994A-8C02-48AE-AEDA-45249C415FE6}.Debug|Any CPU.Build.0 = Debug|Any CPU
		{C240994A-8C02-48AE-AEDA-45249C415FE6}.Release|Any CPU.ActiveCfg = Release|Any CPU
		{C240994A-8C02-48AE-AEDA-45249C415FE6}.Release|Any CPU.Build.0 = Release|Any CPU
		{A85635F8-75A3-4128-B157-F8A4716B6D27}.Debug|Any CPU.ActiveCfg = Debug|Any CPU
		{A85635F8-75A3-4128-B157-F8A4716B6D27}.Debug|Any CPU.Build.0 = Debug|Any CPU
		{A85635F8-75A3-4128-B157-F8A4716B6D27}.Release|Any CPU.ActiveCfg = Release|Any CPU
		{A85635F8-75A3-4128-B157-F8A4716B6D27}.Release|Any CPU.Build.0 = Release|Any CPU
		{F76139FC-83B9-4461-8F2D-CF892797F978}.Debug|Any CPU.ActiveCfg = Debug|Any CPU
		{F76139FC-83B9-4461-8F2D-CF892797F978}.Debug|Any CPU.Build.0 = Debug|Any CPU
		{F76139FC-83B9-4461-8F2D-CF892797F978}.Release|Any CPU.ActiveCfg = Release|Any CPU
		{F76139FC-83B9-4461-8F2D-CF892797F978}.Release|Any CPU.Build.0 = Release|Any CPU
		{81471914-2788-4351-AE90-9B8E0BD3CD0D}.Debug|Any CPU.ActiveCfg = Debug|Any CPU
		{81471914-2788-4351-AE90-9B8E0BD3CD0D}.Debug|Any CPU.Build.0 = Debug|Any CPU
		{81471914-2788-4351-AE90-9B8E0BD3CD0D}.Release|Any CPU.ActiveCfg = Release|Any CPU
		{81471914-2788-4351-AE90-9B8E0BD3CD0D}.Release|Any CPU.Build.0 = Release|Any CPU
		{62BB3E23-53B6-4DF9-94B9-C1DDA70128E5}.Debug|Any CPU.ActiveCfg = Debug|Any CPU
		{62BB3E23-53B6-4DF9-94B9-C1DDA70128E5}.Debug|Any CPU.Build.0 = Debug|Any CPU
		{62BB3E23-53B6-4DF9-94B9-C1DDA70128E5}.Release|Any CPU.ActiveCfg = Release|Any CPU
		{62BB3E23-53B6-4DF9-94B9-C1DDA70128E5}.Release|Any CPU.Build.0 = Release|Any CPU
	EndGlobalSection
	GlobalSection(SolutionProperties) = preSolution
		HideSolutionNode = FALSE
	EndGlobalSection
	GlobalSection(NestedProjects) = preSolution
		{34249060-43A7-4200-8585-20DFD101341D} = {F28477C5-52CA-415A-A703-61C9F9DDADA5}
		{C8E76EBD-29AA-4DB6-BC75-26EDFC4DD81C} = {34249060-43A7-4200-8585-20DFD101341D}
		{B27F3A45-09E3-4390-813F-832CC8AF3C7A} = {F28477C5-52CA-415A-A703-61C9F9DDADA5}
		{4D58B12C-5FE1-4935-BD8B-71D0A4B3A58E} = {B27F3A45-09E3-4390-813F-832CC8AF3C7A}
		{12DDA937-9DBB-4C77-9B5A-4F97736AA914} = {F28477C5-52CA-415A-A703-61C9F9DDADA5}
		{4F6981A2-E327-45E9-B2EC-5AFDF8C6DF44} = {12DDA937-9DBB-4C77-9B5A-4F97736AA914}
		{09DA9952-6A49-4F43-8D33-BD92EA5383A4} = {F28477C5-52CA-415A-A703-61C9F9DDADA5}
		{73ABF850-887B-4370-8F0E-B37F141E759A} = {09DA9952-6A49-4F43-8D33-BD92EA5383A4}
		{7F20FD2B-1AA9-40B2-9373-256C57DABF42} = {F28477C5-52CA-415A-A703-61C9F9DDADA5}
		{4C5BC0A4-A309-48D5-87F6-F09900332E68} = {7F20FD2B-1AA9-40B2-9373-256C57DABF42}
		{807BB8E9-5E64-4FB4-AAAA-50166D01A631} = {F28477C5-52CA-415A-A703-61C9F9DDADA5}
		{C240994A-8C02-48AE-AEDA-45249C415FE6} = {807BB8E9-5E64-4FB4-AAAA-50166D01A631}
		{E1460E30-801F-404D-8A1A-D53ACAB2BBBA} = {F28477C5-52CA-415A-A703-61C9F9DDADA5}
		{A85635F8-75A3-4128-B157-F8A4716B6D27} = {E1460E30-801F-404D-8A1A-D53ACAB2BBBA}
		{4EDD4495-3BC8-4FAE-A085-8CB9F044BBFF} = {F28477C5-52CA-415A-A703-61C9F9DDADA5}
		{F76139FC-83B9-4461-8F2D-CF892797F978} = {4EDD4495-3BC8-4FAE-A085-8CB9F044BBFF}
		{278B5803-6D73-40F8-8569-177D0AF8D5DA} = {F28477C5-52CA-415A-A703-61C9F9DDADA5}
		{81471914-2788-4351-AE90-9B8E0BD3CD0D} = {278B5803-6D73-40F8-8569-177D0AF8D5DA}
		{62BB3E23-53B6-4DF9-94B9-C1DDA70128E5} = {F28477C5-52CA-415A-A703-61C9F9DDADA5}
	EndGlobalSection
	GlobalSection(ExtensibilityGlobals) = postSolution
		SolutionGuid = {AE22FAC4-CFFF-41D4-A079-C5EE7C979DAC}
	EndGlobalSection
EndGlobal
