
Microsoft Visual Studio Solution File, Format Version 12.00
# Visual Studio Version 17
VisualStudioVersion = 17.4.33213.308
MinimumVisualStudioVersion = 10.0.40219.1
Project("{FAE04EC0-301F-11D3-BF4B-00C04F79EFBC}") = "COMP3602Assign06", "COMP3602Assign06\COMP3602Assign06.csproj", "{C1C37FEC-145D-407C-8B87-B68DB892A43A}"
EndProject
Global
	GlobalSection(SolutionConfigurationPlatforms) = preSolution
		Debug|Any CPU = Debug|Any CPU
		Release|Any CPU = Release|Any CPU
	EndGlobalSection
	GlobalSection(ProjectConfigurationPlatforms) = postSolution
		{C1C37FEC-145D-407C-8B87-B68DB892A43A}.Debug|Any CPU.ActiveCfg = Debug|Any CPU
		{C1C37FEC-145D-407C-8B87-B68DB892A43A}.Debug|Any CPU.Build.0 = Debug|Any CPU
		{C1C37FEC-145D-407C-8B87-B68DB892A43A}.Release|Any CPU.ActiveCfg = Release|Any CPU
		{C1C37FEC-145D-407C-8B87-B68DB892A43A}.Release|Any CPU.Build.0 = Release|Any CPU
	EndGlobalSection
	GlobalSection(SolutionProperties) = preSolution
		HideSolutionNode = FALSE
	EndGlobalSection
	GlobalSection(ExtensibilityGlobals) = postSolution
		SolutionGuid = {3886785A-D97D-4055-B95B-29615BC9E128}
	EndGlobalSection
EndGlobal
