
Microsoft Visual Studio Solution File, Format Version 12.00
# Visual Studio Version 16
VisualStudioVersion = 16.0.29403.142
MinimumVisualStudioVersion = 10.0.40219.1
Project("{FAE04EC0-301F-11D3-BF4B-00C04F79EFBC}") = "PolymorphicBehaviour", "PolymorphicBehaviour\PolymorphicBehaviour.csproj", "{924458D9-2957-49A6-9E19-6B497A6AC9C7}"
EndProject
Global
	GlobalSection(SolutionConfigurationPlatforms) = preSolution
		Debug|Any CPU = Debug|Any CPU
		Release|Any CPU = Release|Any CPU
	EndGlobalSection
	GlobalSection(ProjectConfigurationPlatforms) = postSolution
		{924458D9-2957-49A6-9E19-6B497A6AC9C7}.Debug|Any CPU.ActiveCfg = Debug|Any CPU
		{924458D9-2957-49A6-9E19-6B497A6AC9C7}.Debug|Any CPU.Build.0 = Debug|Any CPU
		{924458D9-2957-49A6-9E19-6B497A6AC9C7}.Release|Any CPU.ActiveCfg = Release|Any CPU
		{924458D9-2957-49A6-9E19-6B497A6AC9C7}.Release|Any CPU.Build.0 = Release|Any CPU
	EndGlobalSection
	GlobalSection(SolutionProperties) = preSolution
		HideSolutionNode = FALSE
	EndGlobalSection
	GlobalSection(ExtensibilityGlobals) = postSolution
		SolutionGuid = {8B49CAF8-BF63-48E4-A452-6A11044E56AB}
	EndGlobalSection
EndGlobal
